
Microsoft Visual Studio Solution File, Format Version 12.00
# Visual Studio Version 16
VisualStudioVersion = 25.0.1706.11
MinimumVisualStudioVersion = 10.0.40219.1
Project("{FAE04EC0-301F-11D3-BF4B-00C04F79EFBC}") = "Tick Toe", "Tick Toe\Tick Toe.csproj", "{A04D987C-6129-41E0-A6DC-A38A8569CE50}"
EndProject
Global
	GlobalSection(SolutionConfigurationPlatforms) = preSolution
		Debug|Any CPU = Debug|Any CPU
		Release|Any CPU = Release|Any CPU
	EndGlobalSection
	GlobalSection(ProjectConfigurationPlatforms) = postSolution
		{A04D987C-6129-41E0-A6DC-A38A8569CE50}.Debug|Any CPU.ActiveCfg = Debug|Any CPU
		{A04D987C-6129-41E0-A6DC-A38A8569CE50}.Debug|Any CPU.Build.0 = Debug|Any CPU
		{A04D987C-6129-41E0-A6DC-A38A8569CE50}.Release|Any CPU.ActiveCfg = Release|Any CPU
		{A04D987C-6129-41E0-A6DC-A38A8569CE50}.Release|Any CPU.Build.0 = Release|Any CPU
	EndGlobalSection
	GlobalSection(SolutionProperties) = preSolution
		HideSolutionNode = FALSE
	EndGlobalSection
	GlobalSection(ExtensibilityGlobals) = postSolution
		SolutionGuid = {6E49C135-85EC-4152-B58D-0D1C14EA143A}
	EndGlobalSection
EndGlobal
